// !$*UTF8*$!
{
	archiveVersion = 1;
	classes = {
	};
	objectVersion = 48;
	objects = {

/* Begin PBXBuildFile section */
		082751D01FF27511004BB480 /* AppDelegate.m in Sources */ = {isa = PBXBuildFile; fileRef = 082751CF1FF27511004BB480 /* AppDelegate.m */; };
		082751D31FF27511004BB480 /* ViewController.m in Sources */ = {isa = PBXBuildFile; fileRef = 082751D21FF27511004BB480 /* ViewController.m */; };
		082751D61FF27511004BB480 /* Main.storyboard in Resources */ = {isa = PBXBuildFile; fileRef = 082751D41FF27511004BB480 /* Main.storyboard */; };
		082751D81FF27511004BB480 /* Assets.xcassets in Resources */ = {isa = PBXBuildFile; fileRef = 082751D71FF27511004BB480 /* Assets.xcassets */; };
		082751DB1FF27511004BB480 /* LaunchScreen.storyboard in Resources */ = {isa = PBXBuildFile; fileRef = 082751D91FF27511004BB480 /* LaunchScreen.storyboard */; };
		082751DE1FF27511004BB480 /* main.m in Sources */ = {isa = PBXBuildFile; fileRef = 082751DD1FF27511004BB480 /* main.m */; };
		082751E81FF27511004BB480 /* _666Tests.m in Sources */ = {isa = PBXBuildFile; fileRef = 082751E71FF27511004BB480 /* _666Tests.m */; };
		082751F31FF27511004BB480 /* _666UITests.m in Sources */ = {isa = PBXBuildFile; fileRef = 082751F21FF27511004BB480 /* _666UITests.m */; };
/* End PBXBuildFile section */

/* Begin PBXContainerItemProxy section */
		082751E41FF27511004BB480 /* PBXContainerItemProxy */ = {
			isa = PBXContainerItemProxy;
			containerPortal = 082751C31FF27511004BB480 /* Project object */;
			proxyType = 1;
			remoteGlobalIDString = 082751CA1FF27511004BB480;
			remoteInfo = 6666;
		};
		082751EF1FF27511004BB480 /* PBXContainerItemProxy */ = {
			isa = PBXContainerItemProxy;
			containerPortal = 082751C31FF27511004BB480 /* Project object */;
			proxyType = 1;
			remoteGlobalIDString = 082751CA1FF27511004BB480;
			remoteInfo = 6666;
		};
/* End PBXContainerItemProxy section */

/* Begin PBXFileReference section */
		082751CB1FF27511004BB480 /* 6666.app */ = {isa = PBXFileReference; explicitFileType = wrapper.application; includeInIndex = 0; path = 6666.app; sourceTree = BUILT_PRODUCTS_DIR; };
		082751CE1FF27511004BB480 /* AppDelegate.h */ = {isa = PBXFileReference; lastKnownFileType = sourcecode.c.h; path = AppDelegate.h; sourceTree = "<group>"; };
		082751CF1FF27511004BB480 /* AppDelegate.m */ = {isa = PBXFileReference; lastKnownFileType = sourcecode.c.objc; path = AppDelegate.m; sourceTree = "<group>"; };
		082751D11FF27511004BB480 /* ViewController.h */ = {isa = PBXFileReference; lastKnownFileType = sourcecode.c.h; path = ViewController.h; sourceTree = "<group>"; };
		082751D21FF27511004BB480 /* ViewController.m */ = {isa = PBXFileReference; lastKnownFileType = sourcecode.c.objc; path = ViewController.m; sourceTree = "<group>"; };
		082751D51FF27511004BB480 /* Base */ = {isa = PBXFileReference; lastKnownFileType = file.storyboard; name = Base; path = Base.lproj/Main.storyboard; sourceTree = "<group>"; };
		082751D71FF27511004BB480 /* Assets.xcassets */ = {isa = PBXFileReference; lastKnownFileType = folder.assetcatalog; path = Assets.xcassets; sourceTree = "<group>"; };
		082751DA1FF27511004BB480 /* Base */ = {isa = PBXFileReference; lastKnownFileType = file.storyboard; name = Base; path = Base.lproj/LaunchScreen.storyboard; sourceTree = "<group>"; };
		082751DC1FF27511004BB480 /* Info.plist */ = {isa = PBXFileReference; lastKnownFileType = text.plist.xml; path = Info.plist; sourceTree = "<group>"; };
		082751DD1FF27511004BB480 /* main.m */ = {isa = PBXFileReference; lastKnownFileType = sourcecode.c.objc; path = main.m; sourceTree = "<group>"; };
		082751E31FF27511004BB480 /* 6666Tests.xctest */ = {isa = PBXFileReference; explicitFileType = wrapper.cfbundle; includeInIndex = 0; path = 6666Tests.xctest; sourceTree = BUILT_PRODUCTS_DIR; };
		082751E71FF27511004BB480 /* _666Tests.m */ = {isa = PBXFileReference; lastKnownFileType = sourcecode.c.objc; path = _666Tests.m; sourceTree = "<group>"; };
		082751E91FF27511004BB480 /* Info.plist */ = {isa = PBXFileReference; lastKnownFileType = text.plist.xml; path = Info.plist; sourceTree = "<group>"; };
		082751EE1FF27511004BB480 /* 6666UITests.xctest */ = {isa = PBXFileReference; explicitFileType = wrapper.cfbundle; includeInIndex = 0; path = 6666UITests.xctest; sourceTree = BUILT_PRODUCTS_DIR; };
		082751F21FF27511004BB480 /* _666UITests.m */ = {isa = PBXFileReference; lastKnownFileType = sourcecode.c.objc; path = _666UITests.m; sourceTree = "<group>"; };
		082751F41FF27511004BB480 /* Info.plist */ = {isa = PBXFileReference; lastKnownFileType = text.plist.xml; path = Info.plist; sourceTree = "<group>"; };
/* End PBXFileReference section */

/* Begin PBXFrameworksBuildPhase section */
		082751C81FF27511004BB480 /* Frameworks */ = {
			isa = PBXFrameworksBuildPhase;
			buildActionMask = 2147483647;
			files = (
			);
			runOnlyForDeploymentPostprocessing = 0;
		};
		082751E01FF27511004BB480 /* Frameworks */ = {
			isa = PBXFrameworksBuildPhase;
			buildActionMask = 2147483647;
			files = (
			);
			runOnlyForDeploymentPostprocessing = 0;
		};
		082751EB1FF27511004BB480 /* Frameworks */ = {
			isa = PBXFrameworksBuildPhase;
			buildActionMask = 2147483647;
			files = (
			);
			runOnlyForDeploymentPostprocessing = 0;
		};
/* End PBXFrameworksBuildPhase section */

/* Begin PBXGroup section */
		082751C21FF27511004BB480 = {
			isa = PBXGroup;
			children = (
				082751CD1FF27511004BB480 /* 6666 */,
				082751E61FF27511004BB480 /* 6666Tests */,
				082751F11FF27511004BB480 /* 6666UITests */,
				082751CC1FF27511004BB480 /* Products */,
			);
			sourceTree = "<group>";
		};
		082751CC1FF27511004BB480 /* Products */ = {
			isa = PBXGroup;
			children = (
				082751CB1FF27511004BB480 /* 6666.app */,
				082751E31FF27511004BB480 /* 6666Tests.xctest */,
				082751EE1FF27511004BB480 /* 6666UITests.xctest */,
			);
			name = Products;
			sourceTree = "<group>";
		};
		082751CD1FF27511004BB480 /* 6666 */ = {
			isa = PBXGroup;
			children = (
				082751CE1FF27511004BB480 /* AppDelegate.h */,
				082751CF1FF27511004BB480 /* AppDelegate.m */,
				082751D11FF27511004BB480 /* ViewController.h */,
				082751D21FF27511004BB480 /* ViewController.m */,
				082751D41FF27511004BB480 /* Main.storyboard */,
				082751D71FF27511004BB480 /* Assets.xcassets */,
				082751D91FF27511004BB480 /* LaunchScreen.storyboard */,
				082751DC1FF27511004BB480 /* Info.plist */,
				082751DD1FF27511004BB480 /* main.m */,
			);
			path = 6666;
			sourceTree = "<group>";
		};
		082751E61FF27511004BB480 /* 6666Tests */ = {
			isa = PBXGroup;
			children = (
				082751E71FF27511004BB480 /* _666Tests.m */,
				082751E91FF27511004BB480 /* Info.plist */,
			);
			path = 6666Tests;
			sourceTree = "<group>";
		};
		082751F11FF27511004BB480 /* 6666UITests */ = {
			isa = PBXGroup;
			children = (
				082751F21FF27511004BB480 /* _666UITests.m */,
				082751F41FF27511004BB480 /* Info.plist */,
			);
			path = 6666UITests;
			sourceTree = "<group>";
		};
/* End PBXGroup section */

/* Begin PBXNativeTarget section */
		082751CA1FF27511004BB480 /* 6666 */ = {
			isa = PBXNativeTarget;
			buildConfigurationList = 082751F71FF27511004BB480 /* Build configuration list for PBXNativeTarget "6666" */;
			buildPhases = (
				082751C71FF27511004BB480 /* Sources */,
				082751C81FF27511004BB480 /* Frameworks */,
				082751C91FF27511004BB480 /* Resources */,
			);
			buildRules = (
			);
			dependencies = (
			);
			name = 6666;
			productName = 6666;
			productReference = 082751CB1FF27511004BB480 /* 6666.app */;
			productType = "com.apple.product-type.application";
		};
		082751E21FF27511004BB480 /* 6666Tests */ = {
			isa = PBXNativeTarget;
			buildConfigurationList = 082751FA1FF27511004BB480 /* Build configuration list for PBXNativeTarget "6666Tests" */;
			buildPhases = (
				082751DF1FF27511004BB480 /* Sources */,
				082751E01FF27511004BB480 /* Frameworks */,
				082751E11FF27511004BB480 /* Resources */,
			);
			buildRules = (
			);
			dependencies = (
				082751E51FF27511004BB480 /* PBXTargetDependency */,
			);
			name = 6666Tests;
			productName = 6666Tests;
			productReference = 082751E31FF27511004BB480 /* 6666Tests.xctest */;
			productType = "com.apple.product-type.bundle.unit-test";
		};
		082751ED1FF27511004BB480 /* 6666UITests */ = {
			isa = PBXNativeTarget;
			buildConfigurationList = 082751FD1FF27511004BB480 /* Build configuration list for PBXNativeTarget "6666UITests" */;
			buildPhases = (
				082751EA1FF27511004BB480 /* Sources */,
				082751EB1FF27511004BB480 /* Frameworks */,
				082751EC1FF27511004BB480 /* Resources */,
			);
			buildRules = (
			);
			dependencies = (
				082751F01FF27511004BB480 /* PBXTargetDependency */,
			);
			name = 6666UITests;
			productName = 6666UITests;
			productReference = 082751EE1FF27511004BB480 /* 6666UITests.xctest */;
			productType = "com.apple.product-type.bundle.ui-testing";
		};
/* End PBXNativeTarget section */

/* Begin PBXProject section */
		082751C31FF27511004BB480 /* Project object */ = {
			isa = PBXProject;
			attributes = {
				LastUpgradeCheck = 0920;
				ORGANIZATIONNAME = Link_Start;
				TargetAttributes = {
					082751CA1FF27511004BB480 = {
						CreatedOnToolsVersion = 9.2;
						ProvisioningStyle = Automatic;
					};
					082751E21FF27511004BB480 = {
						CreatedOnToolsVersion = 9.2;
						ProvisioningStyle = Automatic;
						TestTargetID = 082751CA1FF27511004BB480;
					};
					082751ED1FF27511004BB480 = {
						CreatedOnToolsVersion = 9.2;
						ProvisioningStyle = Automatic;
						TestTargetID = 082751CA1FF27511004BB480;
					};
				};
			};
			buildConfigurationList = 082751C61FF27511004BB480 /* Build configuration list for PBXProject "6666" */;
			compatibilityVersion = "Xcode 8.0";
			developmentRegion = en;
			hasScannedForEncodings = 0;
			knownRegions = (
				en,
				Base,
			);
			mainGroup = 082751C21FF27511004BB480;
			productRefGroup = 082751CC1FF27511004BB480 /* Products */;
			projectDirPath = "";
			projectRoot = "";
			targets = (
				082751CA1FF27511004BB480 /* 6666 */,
				082751E21FF27511004BB480 /* 6666Tests */,
				082751ED1FF27511004BB480 /* 6666UITests */,
			);
		};
/* End PBXProject section */

/* Begin PBXResourcesBuildPhase section */
		082751C91FF27511004BB480 /* Resources */ = {
			isa = PBXResourcesBuildPhase;
			buildActionMask = 2147483647;
			files = (
				082751DB1FF27511004BB480 /* LaunchScreen.storyboard in Resources */,
				082751D81FF27511004BB480 /* Assets.xcassets in Resources */,
				082751D61FF27511004BB480 /* Main.storyboard in Resources */,
			);
			runOnlyForDeploymentPostprocessing = 0;
		};
		082751E11FF27511004BB480 /* Resources */ = {
			isa = PBXResourcesBuildPhase;
			buildActionMask = 2147483647;
			files = (
			);
			runOnlyForDeploymentPostprocessing = 0;
		};
		082751EC1FF27511004BB480 /* Resources */ = {
			isa = PBXResourcesBuildPhase;
			buildActionMask = 2147483647;
			files = (
			);
			runOnlyForDeploymentPostprocessing = 0;
		};
/* End PBXResourcesBuildPhase section */

/* Begin PBXSourcesBuildPhase section */
		082751C71FF27511004BB480 /* Sources */ = {
			isa = PBXSourcesBuildPhase;
			buildActionMask = 2147483647;
			files = (
				082751D31FF27511004BB480 /* ViewController.m in Sources */,
				082751DE1FF27511004BB480 /* main.m in Sources */,
				082751D01FF27511004BB480 /* AppDelegate.m in Sources */,
			);
			runOnlyForDeploymentPostprocessing = 0;
		};
		082751DF1FF27511004BB480 /* Sources */ = {
			isa = PBXSourcesBuildPhase;
			buildActionMask = 2147483647;
			files = (
				082751E81FF27511004BB480 /* _666Tests.m in Sources */,
			);
			runOnlyForDeploymentPostprocessing = 0;
		};
		082751EA1FF27511004BB480 /* Sources */ = {
			isa = PBXSourcesBuildPhase;
			buildActionMask = 2147483647;
			files = (
				082751F31FF27511004BB480 /* _666UITests.m in Sources */,
			);
			runOnlyForDeploymentPostprocessing = 0;
		};
/* End PBXSourcesBuildPhase section */

/* Begin PBXTargetDependency section */
		082751E51FF27511004BB480 /* PBXTargetDependency */ = {
			isa = PBXTargetDependency;
			target = 082751CA1FF27511004BB480 /* 6666 */;
			targetProxy = 082751E41FF27511004BB480 /* PBXContainerItemProxy */;
		};
		082751F01FF27511004BB480 /* PBXTargetDependency */ = {
			isa = PBXTargetDependency;
			target = 082751CA1FF27511004BB480 /* 6666 */;
			targetProxy = 082751EF1FF27511004BB480 /* PBXContainerItemProxy */;
		};
/* End PBXTargetDependency section */

/* Begin PBXVariantGroup section */
		082751D41FF27511004BB480 /* Main.storyboard */ = {
			isa = PBXVariantGroup;
			children = (
				082751D51FF27511004BB480 /* Base */,
			);
			name = Main.storyboard;
			sourceTree = "<group>";
		};
		082751D91FF27511004BB480 /* LaunchScreen.storyboard */ = {
			isa = PBXVariantGroup;
			children = (
				082751DA1FF27511004BB480 /* Base */,
			);
			name = LaunchScreen.storyboard;
			sourceTree = "<group>";
		};
/* End PBXVariantGroup section */

/* Begin XCBuildConfiguration section */
		082751F51FF27511004BB480 /* Debug */ = {
			isa = XCBuildConfiguration;
			buildSettings = {
				ALWAYS_SEARCH_USER_PATHS = NO;
				CLANG_ANALYZER_NONNULL = YES;
				CLANG_ANALYZER_NUMBER_OBJECT_CONVERSION = YES_AGGRESSIVE;
				CLANG_CXX_LANGUAGE_STANDARD = "gnu++14";
				CLANG_CXX_LIBRARY = "libc++";
				CLANG_ENABLE_MODULES = YES;
				CLANG_ENABLE_OBJC_ARC = YES;
				CLANG_WARN_BLOCK_CAPTURE_AUTORELEASING = YES;
				CLANG_WARN_BOOL_CONVERSION = YES;
				CLANG_WARN_COMMA = YES;
				CLANG_WARN_CONSTANT_CONVERSION = YES;
				CLANG_WARN_DIRECT_OBJC_ISA_USAGE = YES_ERROR;
				CLANG_WARN_DOCUMENTATION_COMMENTS = YES;
				CLANG_WARN_EMPTY_BODY = YES;
				CLANG_WARN_ENUM_CONVERSION = YES;
				CLANG_WARN_INFINITE_RECURSION = YES;
				CLANG_WARN_INT_CONVERSION = YES;
				CLANG_WARN_NON_LITERAL_NULL_CONVERSION = YES;
				CLANG_WARN_OBJC_LITERAL_CONVERSION = YES;
				CLANG_WARN_OBJC_ROOT_CLASS = YES_ERROR;
				CLANG_WARN_RANGE_LOOP_ANALYSIS = YES;
				CLANG_WARN_STRICT_PROTOTYPES = YES;
				CLANG_WARN_SUSPICIOUS_MOVE = YES;
				CLANG_WARN_UNGUARDED_AVAILABILITY = YES_AGGRESSIVE;
				CLANG_WARN_UNREACHABLE_CODE = YES;
				CLANG_WARN__DUPLICATE_METHOD_MATCH = YES;
				CODE_SIGN_IDENTITY = "iPhone Developer";
				COPY_PHASE_STRIP = NO;
				DEBUG_INFORMATION_FORMAT = dwarf;
				ENABLE_STRICT_OBJC_MSGSEND = YES;
				ENABLE_TESTABILITY = YES;
				GCC_C_LANGUAGE_STANDARD = gnu11;
				GCC_DYNAMIC_NO_PIC = NO;
				GCC_NO_COMMON_BLOCKS = YES;
				GCC_OPTIMIZATION_LEVEL = 0;
				GCC_PREPROCESSOR_DEFINITIONS = (
					"DEBUG=1",
					"$(inherited)",
				);
				GCC_WARN_64_TO_32_BIT_CONVERSION = YES;
				GCC_WARN_ABOUT_RETURN_TYPE = YES_ERROR;
				GCC_WARN_UNDECLARED_SELECTOR = YES;
				GCC_WARN_UNINITIALIZED_AUTOS = YES_AGGRESSIVE;
				GCC_WARN_UNUSED_FUNCTION = YES;
				GCC_WARN_UNUSED_VARIABLE = YES;
				IPHONEOS_DEPLOYMENT_TARGET = 11.2;
				MTL_ENABLE_DEBUG_INFO = YES;
				ONLY_ACTIVE_ARCH = YES;
				SDKROOT = iphoneos;
			};
			name = Debug;
		};
		082751F61FF27511004BB480 /* Release */ = {
			isa = XCBuildConfiguration;
			buildSettings = {
				ALWAYS_SEARCH_USER_PATHS = NO;
				CLANG_ANALYZER_NONNULL = YES;
				CLANG_ANALYZER_NUMBER_OBJECT_CONVERSION = YES_AGGRESSIVE;
				CLANG_CXX_LANGUAGE_STANDARD = "gnu++14";
				CLANG_CXX_LIBRARY = "libc++";
				CLANG_ENABLE_MODULES = YES;
				CLANG_ENABLE_OBJC_ARC = YES;
				CLANG_WARN_BLOCK_CAPTURE_AUTORELEASING = YES;
				CLANG_WARN_BOOL_CONVERSION = YES;
				CLANG_WARN_COMMA = YES;
				CLANG_WARN_CONSTANT_CONVERSION = YES;
				CLANG_WARN_DIRECT_OBJC_ISA_USAGE = YES_ERROR;
				CLANG_WARN_DOCUMENTATION_COMMENTS = YES;
				CLANG_WARN_EMPTY_BODY = YES;
				CLANG_WARN_ENUM_CONVERSION = YES;
				CLANG_WARN_INFINITE_RECURSION = YES;
				CLANG_WARN_INT_CONVERSION = YES;
				CLANG_WARN_NON_LITERAL_NULL_CONVERSION = YES;
				CLANG_WARN_OBJC_LITERAL_CONVERSION = YES;
				CLANG_WARN_OBJC_ROOT_CLASS = YES_ERROR;
				CLANG_WARN_RANGE_LOOP_ANALYSIS = YES;
				CLANG_WARN_STRICT_PROTOTYPES = YES;
				CLANG_WARN_SUSPICIOUS_MOVE = YES;
				CLANG_WARN_UNGUARDED_AVAILABILITY = YES_AGGRESSIVE;
				CLANG_WARN_UNREACHABLE_CODE = YES;
				CLANG_WARN__DUPLICATE_METHOD_MATCH = YES;
				CODE_SIGN_IDENTITY = "iPhone Developer";
				COPY_PHASE_STRIP = NO;
				DEBUG_INFORMATION_FORMAT = "dwarf-with-dsym";
				ENABLE_NS_ASSERTIONS = NO;
				ENABLE_STRICT_OBJC_MSGSEND = YES;
				GCC_C_LANGUAGE_STANDARD = gnu11;
				GCC_NO_COMMON_BLOCKS = YES;
				GCC_WARN_64_TO_32_BIT_CONVERSION = YES;
				GCC_WARN_ABOUT_RETURN_TYPE = YES_ERROR;
				GCC_WARN_UNDECLARED_SELECTOR = YES;
				GCC_WARN_UNINITIALIZED_AUTOS = YES_AGGRESSIVE;
				GCC_WARN_UNUSED_FUNCTION = YES;
				GCC_WARN_UNUSED_VARIABLE = YES;
				IPHONEOS_DEPLOYMENT_TARGET = 11.2;
				MTL_ENABLE_DEBUG_INFO = NO;
				SDKROOT = iphoneos;
				VALIDATE_PRODUCT = YES;
			};
			name = Release;
		};
		082751F81FF27511004BB480 /* Debug */ = {
			isa = XCBuildConfiguration;
			buildSettings = {
				ASSETCATALOG_COMPILER_APPICON_NAME = AppIcon;
				CODE_SIGN_STYLE = Automatic;
				INFOPLIST_FILE = 6666/Info.plist;
				LD_RUNPATH_SEARCH_PATHS = "$(inherited) @executable_path/Frameworks";
				PRODUCT_BUNDLE_IDENTIFIER = "Link-Start.-666";
				PRODUCT_NAME = "$(TARGET_NAME)";
				TARGETED_DEVICE_FAMILY = "1,2";
			};
			name = Debug;
		};
		082751F91FF27511004BB480 /* Release */ = {
			isa = XCBuildConfiguration;
			buildSettings = {
				ASSETCATALOG_COMPILER_APPICON_NAME = AppIcon;
				CODE_SIGN_STYLE = Automatic;
				INFOPLIST_FILE = 6666/Info.plist;
				LD_RUNPATH_SEARCH_PATHS = "$(inherited) @executable_path/Frameworks";
				PRODUCT_BUNDLE_IDENTIFIER = "Link-Start.-666";
				PRODUCT_NAME = "$(TARGET_NAME)";
				TARGETED_DEVICE_FAMILY = "1,2";
			};
			name = Release;
		};
		082751FB1FF27511004BB480 /* Debug */ = {
			isa = XCBuildConfiguration;
			buildSettings = {
				BUNDLE_LOADER = "$(TEST_HOST)";
				CODE_SIGN_STYLE = Automatic;
				INFOPLIST_FILE = 6666Tests/Info.plist;
				LD_RUNPATH_SEARCH_PATHS = "$(inherited) @executable_path/Frameworks @loader_path/Frameworks";
				PRODUCT_BUNDLE_IDENTIFIER = "Link-Start.-666Tests";
				PRODUCT_NAME = "$(TARGET_NAME)";
				TARGETED_DEVICE_FAMILY = "1,2";
				TEST_HOST = "$(BUILT_PRODUCTS_DIR)/6666.app/6666";
			};
			name = Debug;
		};
		082751FC1FF27511004BB480 /* Release */ = {
			isa = XCBuildConfiguration;
			buildSettings = {
				BUNDLE_LOADER = "$(TEST_HOST)";
				CODE_SIGN_STYLE = Automatic;
				INFOPLIST_FILE = 6666Tests/Info.plist;
				LD_RUNPATH_SEARCH_PATHS = "$(inherited) @executable_path/Frameworks @loader_path/Frameworks";
				PRODUCT_BUNDLE_IDENTIFIER = "Link-Start.-666Tests";
				PRODUCT_NAME = "$(TARGET_NAME)";
				TARGETED_DEVICE_FAMILY = "1,2";
				TEST_HOST = "$(BUILT_PRODUCTS_DIR)/6666.app/6666";
			};
			name = Release;
		};
		082751FE1FF27511004BB480 /* Debug */ = {
			isa = XCBuildConfiguration;
			buildSettings = {
				CODE_SIGN_STYLE = Automatic;
				INFOPLIST_FILE = 6666UITests/Info.plist;
				LD_RUNPATH_SEARCH_PATHS = "$(inherited) @executable_path/Frameworks @loader_path/Frameworks";
				PRODUCT_BUNDLE_IDENTIFIER = "Link-Start.-666UITests";
				PRODUCT_NAME = "$(TARGET_NAME)";
				TARGETED_DEVICE_FAMILY = "1,2";
				TEST_TARGET_NAME = 6666;
			};
			name = Debug;
		};
		082751FF1FF27511004BB480 /* Release */ = {
			isa = XCBuildConfiguration;
			buildSettings = {
				CODE_SIGN_STYLE = Automatic;
				INFOPLIST_FILE = 6666UITests/Info.plist;
				LD_RUNPATH_SEARCH_PATHS = "$(inherited) @executable_path/Frameworks @loader_path/Frameworks";
				PRODUCT_BUNDLE_IDENTIFIER = "Link-Start.-666UITests";
				PRODUCT_NAME = "$(TARGET_NAME)";
				TARGETED_DEVICE_FAMILY = "1,2";
				TEST_TARGET_NAME = 6666;
			};
			name = Release;
		};
/* End XCBuildConfiguration section */

/* Begin XCConfigurationList section */
		082751C61FF27511004BB480 /* Build configuration list for PBXProject "6666" */ = {
			isa = XCConfigurationList;
			buildConfigurations = (
				082751F51FF27511004BB480 /* Debug */,
				082751F61FF27511004BB480 /* Release */,
			);
			defaultConfigurationIsVisible = 0;
			defaultConfigurationName = Release;
		};
		082751F71FF27511004BB480 /* Build configuration list for PBXNativeTarget "6666" */ = {
			isa = XCConfigurationList;
			buildConfigurations = (
				082751F81FF27511004BB480 /* Debug */,
				082751F91FF27511004BB480 /* Release */,
			);
			defaultConfigurationIsVisible = 0;
			defaultConfigurationName = Release;
		};
		082751FA1FF27511004BB480 /* Build configuration list for PBXNativeTarget "6666Tests" */ = {
			isa = XCConfigurationList;
			buildConfigurations = (
				082751FB1FF27511004BB480 /* Debug */,
				082751FC1FF27511004BB480 /* Release */,
			);
			defaultConfigurationIsVisible = 0;
			defaultConfigurationName = Release;
		};
		082751FD1FF27511004BB480 /* Build configuration list for PBXNativeTarget "6666UITests" */ = {
			isa = XCConfigurationList;
			buildConfigurations = (
				082751FE1FF27511004BB480 /* Debug */,
				082751FF1FF27511004BB480 /* Release */,
			);
			defaultConfigurationIsVisible = 0;
			defaultConfigurationName = Release;
		};
/* End XCConfigurationList section */
	};
	rootObject = 082751C31FF27511004BB480 /* Project object */;
}
