PODS:
  - ACActionSheet (1.0.6)
  - AFNetworking (4.0.1):
    - AFNetworking/NSURLSession (= 4.0.1)
    - AFNetworking/Reachability (= 4.0.1)
    - AFNetworking/Security (= 4.0.1)
    - AFNetworking/Serialization (= 4.0.1)
    - AFNetworking/UIKit (= 4.0.1)
  - "AFNetworking+RetryPolicy (2.0.0)":
    - AFNetworking (~> 4.0)
    - ObjcAssociatedObjectHelpers (= 2.0.1)
  - AFNetworking/NSURLSession (4.0.1):
    - AFNetworking/Reachability
    - AFNetworking/Security
    - AFNetworking/Serialization
  - AFNetworking/Reachability (4.0.1)
  - AFNetworking/Security (4.0.1)
  - AFNetworking/Serialization (4.0.1)
  - AFNetworking/UIKit (4.0.1):
    - AFNetworking/NSURLSession
  - AMapFoundation-NO-IDFA (1.6.9)
  - AMapLocation-NO-IDFA (2.8.0):
    - AMapFoundation-NO-IDFA (~> 1.6.9)
  - BMKLocationKit (2.0.2)
  - BMLongPressDragCellCollectionView (3.1.4)
  - BRPickerView (2.7.6):
    - BRPickerView/AddressPickerView (= 2.7.6)
    - BRPickerView/Base (= 2.7.6)
    - BRPickerView/DatePickerView (= 2.7.6)
    - BRPickerView/StringPickerView (= 2.7.6)
  - BRPickerView/AddressPickerView (2.7.6):
    - BRPickerView/Base
  - BRPickerView/Base (2.7.6)
  - BRPickerView/DatePickerView (2.7.6):
    - BRPickerView/Base
  - BRPickerView/StringPickerView (2.7.6):
    - BRPickerView/Base
  - CalendarLib (2.0):
    - OrderedDictionary (~> 1.2)
    - OSCache (~> 1.2)
  - ChainThen (0.0.2)
  - CHTCollectionViewWaterfallLayout (0.9.10):
    - CHTCollectionViewWaterfallLayout/Swift (= 0.9.10)
  - CHTCollectionViewWaterfallLayout/Swift (0.9.10)
  - CYLTabBarController (1.29.2):
    - CYLTabBarController/Core (= 1.29.2)
  - CYLTabBarController/Core (1.29.2)
  - DCURLRouter (0.81)
  - dsBridge (3.0.6)
  - DZNEmptyDataSet (1.8.1)
  - FDFullscreenPopGesture (1.1)
  - FLAnimatedImage (1.0.16)
  - FMLayoutKit (1.2.0)
  - FMListPlaceholder (1.1.5)
  - FSCalendar (2.8.2)
  - FSTextView (1.8)
  - FWPopupView (4.2.1):
    - SnapKit
  - FWPopupViewOC (3.1.0):
    - Masonry
  - GKCover (3.0.1)
  - GKPageScrollView (1.7.1):
    - GKPageScrollView/Objc (= 1.7.1)
  - GKPageScrollView/Objc (1.7.1)
  - GKPageSmoothView (1.7.1):
    - GKPageSmoothView/Objc (= 1.7.1)
  - GKPageSmoothView/Objc (1.7.1)
  - GKPhotoBrowser (2.3.6):
    - GKPhotoBrowser/SD (= 2.3.6)
  - GKPhotoBrowser/Core (2.3.6)
  - GKPhotoBrowser/SD (2.3.6):
    - GKPhotoBrowser/Core
    - SDWebImage (~> 5.0)
  - HDCollectionView (0.7.1):
    - HDListViewDiffer
    - Yoga (~> 1.14.0)
  - HDListViewDiffer (0.2.1)
  - HMSegmentedControl (1.5.6)
  - HSSetTableViewController (1.3.1):
    - SDWebImage
  - HXPhotoPicker (3.3.1):
    - HXPhotoPicker/Default (= 3.3.1)
  - HXPhotoPicker/Default (3.3.1)
  - IMYAOPTableView (2.1.3)
  - IQKeyboardManager (6.5.9)
  - JCore (2.1.8)
  - JPush (3.2.8):
    - JCore (< 3.0.0, >= 2.0.0)
  - JQCollectionViewWaterfallLayout (0.2.0)
  - JXCategoryView (1.5.9)
  - KJBannerView (3.0.2):
    - KJBannerView/BannerView (= 3.0.2)
  - KJBannerView/BannerView (3.0.2)
  - KJCategories (1.0.7):
    - KJCategories/Core (= 1.0.7)
  - KJCategories/Core (1.0.7):
    - KJCategories/Core/Foundation (= 1.0.7)
    - KJCategories/Core/UIKit (= 1.0.7)
  - KJCategories/Core/Foundation (1.0.7)
  - KJCategories/Core/UIKit (1.0.7)
  - KJEmitterView/Classes (7.1.6)
  - KJEmitterView/Language (7.1.6)
  - KJEmitterView/LeetCode (7.1.6)
  - KJNetworkPlugin (1.0.16):
    - KJNetworkPlugin/Anslysis (= 1.0.16)
    - KJNetworkPlugin/Base (= 1.0.16)
    - KJNetworkPlugin/Batch (= 1.0.16)
    - KJNetworkPlugin/Cache (= 1.0.16)
    - KJNetworkPlugin/Capture (= 1.0.16)
    - KJNetworkPlugin/Certificate (= 1.0.16)
    - KJNetworkPlugin/Chain (= 1.0.16)
    - KJNetworkPlugin/Code (= 1.0.16)
    - KJNetworkPlugin/Indicator (= 1.0.16)
    - KJNetworkPlugin/Loading (= 1.0.16)
    - KJNetworkPlugin/Manager (= 1.0.16)
    - KJNetworkPlugin/Network (= 1.0.16)
    - KJNetworkPlugin/Refresh (= 1.0.16)
    - KJNetworkPlugin/Thief (= 1.0.16)
    - KJNetworkPlugin/Warning (= 1.0.16)
  - KJNetworkPlugin/Anslysis (1.0.16):
    - KJNetworkPlugin/Base
    - MJExtension (~> 3.3.0)
  - KJNetworkPlugin/Base (1.0.16):
    - KJNetworkPlugin/Network
  - KJNetworkPlugin/Batch (1.0.16):
    - KJNetworkPlugin/Network
  - KJNetworkPlugin/Cache (1.0.16):
    - KJNetworkPlugin/Base
    - YYCache (~> 1.0.4)
  - KJNetworkPlugin/Capture (1.0.16):
    - KJNetworkPlugin/Base
    - MJExtension (~> 3.3.0)
  - KJNetworkPlugin/Certificate (1.0.16):
    - KJNetworkPlugin/Base
  - KJNetworkPlugin/Chain (1.0.16):
    - KJNetworkPlugin/Network
  - KJNetworkPlugin/Code (1.0.16):
    - KJNetworkPlugin/Base
  - KJNetworkPlugin/Indicator (1.0.16):
    - KJNetworkPlugin/Base
  - KJNetworkPlugin/Loading (1.0.16):
    - KJNetworkPlugin/Base
    - MBProgressHUD (~> 1.2.0)
  - KJNetworkPlugin/Manager (1.0.16):
    - KJNetworkPlugin/Network
  - KJNetworkPlugin/Network (1.0.16):
    - AFNetworking (~> 4.0.0)
  - KJNetworkPlugin/Refresh (1.0.16):
    - KJNetworkPlugin/Base
  - KJNetworkPlugin/Thief (1.0.16):
    - KJNetworkPlugin/Base
  - KJNetworkPlugin/Warning (1.0.16):
    - KJNetworkPlugin/Base
    - Toast-Swift
  - KJPlayer/Common (2.1.12)
  - KJPlayer/Database (2.1.12)
  - KJPlayer/RecordTime (2.1.12):
    - KJPlayer/Common
    - KJPlayer/Database
  - KJPlayer/SkipTime (2.1.12):
    - KJPlayer/Common
  - KJPlayer/TryTime (2.1.12):
    - KJPlayer/Common
  - KNPhotoBrowser (2.5.7):
    - SDWebImage
  - LBXPermission/Base (1.1.1)
  - LBXPermission/Calendar (1.1.1)
  - LBXPermission/Camera (1.1.1)
  - LBXPermission/Contact (1.1.1)
  - LBXPermission/Location (1.1.1)
  - LBXPermission/Photo (1.1.1)
  - LBXPermission/Reminder (1.1.1)
  - LEEAlert (1.5.2)
  - LMJDropdownMenu (3.0.4)
  - lottie-ios (3.2.3)
  - LSTPopView (0.3.10):
    - LSTPopView/Code (= 0.3.10)
    - LSTTimer
  - LSTPopView/Code (0.3.10):
    - LSTTimer
  - LSTTimer (0.2.10)
  - LYEmptyView (1.3.1)
  - Masonry (1.1.0)
  - MBProgressHUD (1.2.0)
  - MGSwipeTableCell (1.6.11)
  - MJExtension (3.3.0)
  - MJRefresh (3.7.5)
  - MyLayout (1.9.8)
  - ObjcAssociatedObjectHelpers (2.0.1):
    - ObjcAssociatedObjectHelpers/Core (= 2.0.1)
    - "ObjcAssociatedObjectHelpers/NSObject+Dictionary (= 2.0.1)"
  - ObjcAssociatedObjectHelpers/Core (2.0.1)
  - "ObjcAssociatedObjectHelpers/NSObject+Dictionary (2.0.1)":
    - ObjcAssociatedObjectHelpers/Core
  - OrderedDictionary (1.4)
  - OSCache (1.2.1)
  - OttoKeyboardView (0.0.5)
  - Popover.OC (2.2)
  - PPGetAddressBook (0.2.8)
  - PPNumberButton (0.8.0)
  - PPTextField (0.0.2)
  - PYSearch (0.9.1)
  - QMUIKit (4.1.3):
    - QMUIKit/QMUIComponents (= 4.1.3)
    - QMUIKit/QMUICore (= 4.1.3)
    - QMUIKit/QMUILog (= 4.1.3)
    - QMUIKit/QMUIMainFrame (= 4.1.3)
    - QMUIKit/QMUIWeakObjectContainer (= 4.1.3)
  - QMUIKit/QMUIComponents (4.1.3):
    - QMUIKit/QMUIComponents/NavigationBarTransition (= 4.1.3)
    - QMUIKit/QMUIComponents/QMUIAlertController (= 4.1.3)
    - QMUIKit/QMUIComponents/QMUIAnimation (= 4.1.3)
    - QMUIKit/QMUIComponents/QMUIAppearance (= 4.1.3)
    - QMUIKit/QMUIComponents/QMUIAssetLibrary (= 4.1.3)
    - QMUIKit/QMUIComponents/QMUIBadge (= 4.1.3)
    - QMUIKit/QMUIComponents/QMUIButton (= 4.1.3)
    - QMUIKit/QMUIComponents/QMUICAAnimationExtension (= 4.1.3)
    - QMUIKit/QMUIComponents/QMUICALayerExtension (= 4.1.3)
    - QMUIKit/QMUIComponents/QMUICellHeightCache (= 4.1.3)
    - QMUIKit/QMUIComponents/QMUICellHeightKeyCache (= 4.1.3)
    - QMUIKit/QMUIComponents/QMUICellSizeKeyCache (= 4.1.3)
    - QMUIKit/QMUIComponents/QMUICollectionViewPagingLayout (= 4.1.3)
    - QMUIKit/QMUIComponents/QMUIConsole (= 4.1.3)
    - QMUIKit/QMUIComponents/QMUIDialogViewController (= 4.1.3)
    - QMUIKit/QMUIComponents/QMUIEmotionInputManager (= 4.1.3)
    - QMUIKit/QMUIComponents/QMUIEmotionView (= 4.1.3)
    - QMUIKit/QMUIComponents/QMUIEmptyView (= 4.1.3)
    - QMUIKit/QMUIComponents/QMUIFillButton (= 4.1.3)
    - QMUIKit/QMUIComponents/QMUIFloatLayoutView (= 4.1.3)
    - QMUIKit/QMUIComponents/QMUIGhostButton (= 4.1.3)
    - QMUIKit/QMUIComponents/QMUIGridView (= 4.1.3)
    - QMUIKit/QMUIComponents/QMUIImagePickerLibrary (= 4.1.3)
    - QMUIKit/QMUIComponents/QMUIImagePreviewView (= 4.1.3)
    - QMUIKit/QMUIComponents/QMUIKeyboardManager (= 4.1.3)
    - QMUIKit/QMUIComponents/QMUILabel (= 4.1.3)
    - QMUIKit/QMUIComponents/QMUILinkButton (= 4.1.3)
    - QMUIKit/QMUIComponents/QMUILogManagerViewController (= 4.1.3)
    - QMUIKit/QMUIComponents/QMUILogWithConfigurationSupported (= 4.1.3)
    - QMUIKit/QMUIComponents/QMUIMarqueeLabel (= 4.1.3)
    - QMUIKit/QMUIComponents/QMUIModalPresentationViewController (= 4.1.3)
    - QMUIKit/QMUIComponents/QMUIMoreOperationController (= 4.1.3)
    - QMUIKit/QMUIComponents/QMUIMultipleDelegates (= 4.1.3)
    - QMUIKit/QMUIComponents/QMUINavigationButton (= 4.1.3)
    - QMUIKit/QMUIComponents/QMUINavigationTitleView (= 4.1.3)
    - QMUIKit/QMUIComponents/QMUIOrderedDictionary (= 4.1.3)
    - QMUIKit/QMUIComponents/QMUIPieProgressView (= 4.1.3)
    - QMUIKit/QMUIComponents/QMUIPopupContainerView (= 4.1.3)
    - QMUIKit/QMUIComponents/QMUIPopupMenuView (= 4.1.3)
    - QMUIKit/QMUIComponents/QMUIScrollAnimator (= 4.1.3)
    - QMUIKit/QMUIComponents/QMUISearchBar (= 4.1.3)
    - QMUIKit/QMUIComponents/QMUISearchController (= 4.1.3)
    - QMUIKit/QMUIComponents/QMUISegmentedControl (= 4.1.3)
    - QMUIKit/QMUIComponents/QMUISlider (= 4.1.3)
    - QMUIKit/QMUIComponents/QMUIStaticTableView (= 4.1.3)
    - QMUIKit/QMUIComponents/QMUITableView (= 4.1.3)
    - QMUIKit/QMUIComponents/QMUITableViewCell (= 4.1.3)
    - QMUIKit/QMUIComponents/QMUITableViewHeaderFooterView (= 4.1.3)
    - QMUIKit/QMUIComponents/QMUITableViewProtocols (= 4.1.3)
    - QMUIKit/QMUIComponents/QMUITestView (= 4.1.3)
    - QMUIKit/QMUIComponents/QMUITextField (= 4.1.3)
    - QMUIKit/QMUIComponents/QMUITextView (= 4.1.3)
    - QMUIKit/QMUIComponents/QMUITheme (= 4.1.3)
    - QMUIKit/QMUIComponents/QMUITips (= 4.1.3)
    - QMUIKit/QMUIComponents/QMUIToastView (= 4.1.3)
    - QMUIKit/QMUIComponents/QMUIToolbarButton (= 4.1.3)
    - QMUIKit/QMUIComponents/QMUIVisualEffectView (= 4.1.3)
    - QMUIKit/QMUIComponents/QMUIWindowSizeMonitor (= 4.1.3)
    - QMUIKit/QMUIComponents/QMUIZoomImageView (= 4.1.3)
    - QMUIKit/QMUICore
  - QMUIKit/QMUIComponents/NavigationBarTransition (4.1.3):
    - QMUIKit/QMUIComponents/QMUINavigationTitleView
    - QMUIKit/QMUICore
    - QMUIKit/QMUIMainFrame
  - QMUIKit/QMUIComponents/QMUIAlertController (4.1.3):
    - QMUIKit/QMUIComponents/QMUIAppearance
    - QMUIKit/QMUIComponents/QMUIButton
    - QMUIKit/QMUIComponents/QMUIKeyboardManager
    - QMUIKit/QMUIComponents/QMUIModalPresentationViewController
    - QMUIKit/QMUIComponents/QMUITextField
    - QMUIKit/QMUICore
  - QMUIKit/QMUIComponents/QMUIAnimation (4.1.3):
    - QMUIKit/QMUICore
  - QMUIKit/QMUIComponents/QMUIAppearance (4.1.3):
    - QMUIKit/QMUICore
  - QMUIKit/QMUIComponents/QMUIAssetLibrary (4.1.3):
    - QMUIKit/QMUICore
  - QMUIKit/QMUIComponents/QMUIBadge (4.1.3):
    - QMUIKit/QMUIComponents/QMUILabel
    - QMUIKit/QMUICore
  - QMUIKit/QMUIComponents/QMUIButton (4.1.3):
    - QMUIKit/QMUICore
  - QMUIKit/QMUIComponents/QMUICAAnimationExtension (4.1.3):
    - QMUIKit/QMUIComponents/QMUIMultipleDelegates
    - QMUIKit/QMUICore
  - QMUIKit/QMUIComponents/QMUICALayerExtension (4.1.3):
    - QMUIKit/QMUIComponents/QMUIMultipleDelegates
    - QMUIKit/QMUICore
  - QMUIKit/QMUIComponents/QMUICellHeightCache (4.1.3):
    - QMUIKit/QMUIComponents/QMUITableViewProtocols
    - QMUIKit/QMUICore
  - QMUIKit/QMUIComponents/QMUICellHeightKeyCache (4.1.3):
    - QMUIKit/QMUIComponents/QMUIMultipleDelegates
    - QMUIKit/QMUIComponents/QMUITableViewProtocols
    - QMUIKit/QMUICore
  - QMUIKit/QMUIComponents/QMUICellSizeKeyCache (4.1.3):
    - QMUIKit/QMUIComponents/QMUIMultipleDelegates
    - QMUIKit/QMUICore
  - QMUIKit/QMUIComponents/QMUICollectionViewPagingLayout (4.1.3):
    - QMUIKit/QMUICore
  - QMUIKit/QMUIComponents/QMUIConsole (4.1.3):
    - QMUIKit/QMUIComponents/QMUIButton
    - QMUIKit/QMUIComponents/QMUICAAnimationExtension
    - QMUIKit/QMUIComponents/QMUIPopupMenuView
    - QMUIKit/QMUIComponents/QMUITextField
    - QMUIKit/QMUIComponents/QMUITextView
    - QMUIKit/QMUICore
  - QMUIKit/QMUIComponents/QMUIDialogViewController (4.1.3):
    - QMUIKit/QMUIComponents/QMUIAppearance
    - QMUIKit/QMUIComponents/QMUIButton
    - QMUIKit/QMUIComponents/QMUILabel
    - QMUIKit/QMUIComponents/QMUIModalPresentationViewController
    - QMUIKit/QMUIComponents/QMUINavigationTitleView
    - QMUIKit/QMUIComponents/QMUITableView
    - QMUIKit/QMUIComponents/QMUITableViewCell
    - QMUIKit/QMUIComponents/QMUITextField
    - QMUIKit/QMUICore
    - QMUIKit/QMUIMainFrame
  - QMUIKit/QMUIComponents/QMUIEmotionInputManager (4.1.3):
    - QMUIKit/QMUIComponents/QMUIEmotionView
    - QMUIKit/QMUICore
  - QMUIKit/QMUIComponents/QMUIEmotionView (4.1.3):
    - QMUIKit/QMUIComponents/QMUIButton
    - QMUIKit/QMUICore
  - QMUIKit/QMUIComponents/QMUIEmptyView (4.1.3):
    - QMUIKit/QMUIComponents/QMUIAppearance
    - QMUIKit/QMUIComponents/QMUIButton
    - QMUIKit/QMUICore
  - QMUIKit/QMUIComponents/QMUIFillButton (4.1.3):
    - QMUIKit/QMUIComponents/QMUIButton
    - QMUIKit/QMUICore
  - QMUIKit/QMUIComponents/QMUIFloatLayoutView (4.1.3):
    - QMUIKit/QMUICore
  - QMUIKit/QMUIComponents/QMUIGhostButton (4.1.3):
    - QMUIKit/QMUIComponents/QMUIButton
    - QMUIKit/QMUICore
  - QMUIKit/QMUIComponents/QMUIGridView (4.1.3):
    - QMUIKit/QMUICore
  - QMUIKit/QMUIComponents/QMUIImagePickerLibrary (4.1.3):
    - QMUIKit/QMUIComponents/QMUIAlertController
    - QMUIKit/QMUIComponents/QMUIAppearance
    - QMUIKit/QMUIComponents/QMUIAssetLibrary
    - QMUIKit/QMUIComponents/QMUIButton
    - QMUIKit/QMUIComponents/QMUIEmptyView
    - QMUIKit/QMUIComponents/QMUIImagePreviewView
    - QMUIKit/QMUIComponents/QMUINavigationButton
    - QMUIKit/QMUIComponents/QMUITableViewCell
    - QMUIKit/QMUIComponents/QMUIZoomImageView
    - QMUIKit/QMUICore
    - QMUIKit/QMUIMainFrame
  - QMUIKit/QMUIComponents/QMUIImagePreviewView (4.1.3):
    - QMUIKit/QMUIComponents/QMUIAppearance
    - QMUIKit/QMUIComponents/QMUIButton
    - QMUIKit/QMUIComponents/QMUICollectionViewPagingLayout
    - QMUIKit/QMUIComponents/QMUIEmptyView
    - QMUIKit/QMUIComponents/QMUIPieProgressView
    - QMUIKit/QMUIComponents/QMUIZoomImageView
    - QMUIKit/QMUICore
    - QMUIKit/QMUIMainFrame
  - QMUIKit/QMUIComponents/QMUIKeyboardManager (4.1.3):
    - QMUIKit/QMUICore
  - QMUIKit/QMUIComponents/QMUILabel (4.1.3):
    - QMUIKit/QMUICore
  - QMUIKit/QMUIComponents/QMUILinkButton (4.1.3):
    - QMUIKit/QMUIComponents/QMUIButton
    - QMUIKit/QMUICore
  - QMUIKit/QMUIComponents/QMUILogManagerViewController (4.1.3):
    - QMUIKit/QMUIComponents/QMUIPopupMenuView
    - QMUIKit/QMUIComponents/QMUISearchController
    - QMUIKit/QMUIComponents/QMUIStaticTableView
    - QMUIKit/QMUIComponents/QMUITableView
    - QMUIKit/QMUICore
    - QMUIKit/QMUIMainFrame
  - QMUIKit/QMUIComponents/QMUILogWithConfigurationSupported (4.1.3):
    - QMUIKit/QMUICore
  - QMUIKit/QMUIComponents/QMUIMarqueeLabel (4.1.3):
    - QMUIKit/QMUICore
  - QMUIKit/QMUIComponents/QMUIModalPresentationViewController (4.1.3):
    - QMUIKit/QMUIComponents/QMUIAppearance
    - QMUIKit/QMUIComponents/QMUIKeyboardManager
    - QMUIKit/QMUICore
  - QMUIKit/QMUIComponents/QMUIMoreOperationController (4.1.3):
    - QMUIKit/QMUIComponents/QMUIAppearance
    - QMUIKit/QMUIComponents/QMUIButton
    - QMUIKit/QMUIComponents/QMUIModalPresentationViewController
    - QMUIKit/QMUICore
  - QMUIKit/QMUIComponents/QMUIMultipleDelegates (4.1.3):
    - QMUIKit/QMUICore
  - QMUIKit/QMUIComponents/QMUINavigationButton (4.1.3):
    - QMUIKit/QMUICore
    - QMUIKit/QMUIMainFrame
  - QMUIKit/QMUIComponents/QMUINavigationTitleView (4.1.3):
    - QMUIKit/QMUIComponents/QMUIAppearance
    - QMUIKit/QMUIComponents/QMUIButton
    - QMUIKit/QMUICore
  - QMUIKit/QMUIComponents/QMUIOrderedDictionary (4.1.3):
    - QMUIKit/QMUICore
  - QMUIKit/QMUIComponents/QMUIPieProgressView (4.1.3):
    - QMUIKit/QMUICore
  - QMUIKit/QMUIComponents/QMUIPopupContainerView (4.1.3):
    - QMUIKit/QMUIComponents/QMUIAppearance
    - QMUIKit/QMUICore
    - QMUIKit/QMUIMainFrame
  - QMUIKit/QMUIComponents/QMUIPopupMenuView (4.1.3):
    - QMUIKit/QMUIComponents/QMUIButton
    - QMUIKit/QMUIComponents/QMUIPopupContainerView
    - QMUIKit/QMUICore
  - QMUIKit/QMUIComponents/QMUIScrollAnimator (4.1.3):
    - QMUIKit/QMUIComponents/QMUIMultipleDelegates
    - QMUIKit/QMUICore
  - QMUIKit/QMUIComponents/QMUISearchBar (4.1.3):
    - QMUIKit/QMUICore
  - QMUIKit/QMUIComponents/QMUISearchController (4.1.3):
    - QMUIKit/QMUIComponents/QMUIEmptyView
    - QMUIKit/QMUIComponents/QMUISearchBar
    - QMUIKit/QMUICore
    - QMUIKit/QMUIMainFrame
  - QMUIKit/QMUIComponents/QMUISegmentedControl (4.1.3):
    - QMUIKit/QMUICore
  - QMUIKit/QMUIComponents/QMUISlider (4.1.3):
    - QMUIKit/QMUICore
  - QMUIKit/QMUIComponents/QMUIStaticTableView (4.1.3):
    - QMUIKit/QMUIComponents/QMUIMultipleDelegates
    - QMUIKit/QMUIComponents/QMUITableViewCell
    - QMUIKit/QMUICore
  - QMUIKit/QMUIComponents/QMUITableView (4.1.3):
    - QMUIKit/QMUIComponents/QMUITableViewProtocols
    - QMUIKit/QMUICore
  - QMUIKit/QMUIComponents/QMUITableViewCell (4.1.3):
    - QMUIKit/QMUIComponents/QMUIButton
    - QMUIKit/QMUICore
  - QMUIKit/QMUIComponents/QMUITableViewHeaderFooterView (4.1.3):
    - QMUIKit/QMUICore
  - QMUIKit/QMUIComponents/QMUITableViewProtocols (4.1.3):
    - QMUIKit/QMUICore
  - QMUIKit/QMUIComponents/QMUITestView (4.1.3):
    - QMUIKit/QMUICore
  - QMUIKit/QMUIComponents/QMUITextField (4.1.3):
    - QMUIKit/QMUIComponents/QMUIMultipleDelegates
    - QMUIKit/QMUICore
  - QMUIKit/QMUIComponents/QMUITextView (4.1.3):
    - QMUIKit/QMUIComponents/QMUILabel
    - QMUIKit/QMUIComponents/QMUIMultipleDelegates
    - QMUIKit/QMUICore
  - QMUIKit/QMUIComponents/QMUITheme (4.1.3):
    - QMUIKit/QMUIComponents/QMUIAlertController
    - QMUIKit/QMUIComponents/QMUIButton
    - QMUIKit/QMUIComponents/QMUIConsole
    - QMUIKit/QMUIComponents/QMUIEmotionView
    - QMUIKit/QMUIComponents/QMUIEmptyView
    - QMUIKit/QMUIComponents/QMUIFillButton
    - QMUIKit/QMUIComponents/QMUIGhostButton
    - QMUIKit/QMUIComponents/QMUIGridView
    - QMUIKit/QMUIComponents/QMUIImagePickerLibrary
    - QMUIKit/QMUIComponents/QMUIImagePreviewView
    - QMUIKit/QMUIComponents/QMUILabel
    - QMUIKit/QMUIComponents/QMUILinkButton
    - QMUIKit/QMUIComponents/QMUIModalPresentationViewController
    - QMUIKit/QMUIComponents/QMUIPopupContainerView
    - QMUIKit/QMUIComponents/QMUIPopupMenuView
    - QMUIKit/QMUIComponents/QMUISlider
    - QMUIKit/QMUIComponents/QMUITextField
    - QMUIKit/QMUIComponents/QMUITextView
    - QMUIKit/QMUIComponents/QMUIToastView
    - QMUIKit/QMUIComponents/QMUIVisualEffectView
    - QMUIKit/QMUICore
  - QMUIKit/QMUIComponents/QMUITips (4.1.3):
    - QMUIKit/QMUIComponents/QMUIToastView
    - QMUIKit/QMUICore
  - QMUIKit/QMUIComponents/QMUIToastView (4.1.3):
    - QMUIKit/QMUIComponents/QMUIKeyboardManager
    - QMUIKit/QMUIComponents/QMUIVisualEffectView
    - QMUIKit/QMUICore
  - QMUIKit/QMUIComponents/QMUIToolbarButton (4.1.3):
    - QMUIKit/QMUICore
  - QMUIKit/QMUIComponents/QMUIVisualEffectView (4.1.3):
    - QMUIKit/QMUIComponents/QMUICALayerExtension
    - QMUIKit/QMUICore
  - QMUIKit/QMUIComponents/QMUIWindowSizeMonitor (4.1.3):
    - QMUIKit/QMUICore
  - QMUIKit/QMUIComponents/QMUIZoomImageView (4.1.3):
    - QMUIKit/QMUIComponents/QMUIAssetLibrary
    - QMUIKit/QMUIComponents/QMUIButton
    - QMUIKit/QMUIComponents/QMUIEmptyView
    - QMUIKit/QMUIComponents/QMUIPieProgressView
    - QMUIKit/QMUIComponents/QMUISlider
    - QMUIKit/QMUICore
  - QMUIKit/QMUICore (4.1.3):
    - QMUIKit/QMUILog
    - QMUIKit/QMUIWeakObjectContainer
  - QMUIKit/QMUILog (4.1.3)
  - QMUIKit/QMUIMainFrame (4.1.3):
    - QMUIKit/QMUIComponents/QMUIEmptyView
    - QMUIKit/QMUIComponents/QMUIKeyboardManager
    - QMUIKit/QMUIComponents/QMUIMultipleDelegates
    - QMUIKit/QMUIComponents/QMUINavigationTitleView
    - QMUIKit/QMUIComponents/QMUITableView
    - QMUIKit/QMUIComponents/QMUITableViewHeaderFooterView
    - QMUIKit/QMUICore
    - QMUIKit/QMUILog
  - QMUIKit/QMUIWeakObjectContainer (4.1.3)
  - ReactiveObjC (3.1.1)
  - RKNotificationHub (2.0.5)
  - SDAutoLayout (2.2.1)
  - SDCycleScrollView (1.82):
    - SDWebImage (>= 5.0.0)
  - SDWebImage (5.12.4):
    - SDWebImage/Core (= 5.12.4)
  - SDWebImage/Core (5.12.4)
  - SGQRCode (3.5.1)
  - SJStaticTableView (1.2.0)
  - SnapKit (4.2.0)
  - SSAlert (0.0.3)
  - STPopup (1.8.7)
  - SwiftyStoreKit (0.16.1)
  - ThinkVerb (1.1.0)
  - Toast-Swift (5.0.1)
  - TOSearchBar (1.0.3)
  - TTGTagCollectionView (2.1.0)
  - TZImagePickerController (3.7.6)
  - UICKeyChainStore (2.2.1)
  - UITableViewDynamicLayoutCacheHeight (5.1.8):
    - UITableViewDynamicLayoutCacheHeight/Category (= 5.1.8)
  - UITableViewDynamicLayoutCacheHeight/Category (5.1.8)
  - UMABTest (1.0.1):
    - UMCommon
  - UMAPM (1.6.3)
  - UMCCommonLog (2.0.2)
  - UMCommon (7.3.6):
    - UMDevice
  - UMCSecurityPlugins (1.0.6)
  - UMDevice (2.2.1)
  - UMLink (1.2.0):
    - UMCommon
  - UMPush (4.0.2):
    - UMCommon
  - UMShare/Core (6.10.4):
    - UMCommon
  - UMShare/Social/ReducedQQ (6.10.4):
    - UMCommon
    - UMShare/Core
  - UMShare/Social/ReducedWeChat (6.10.4):
    - UMCommon
    - UMShare/Core
  - UMShare/Social/WeChat (6.10.4):
    - UMCommon
    - UMShare/Core
    - UMShare/Social/ReducedWeChat
  - UMShare/UI (6.10.4):
    - UMCommon
    - UMShare/Core
  - WMZBanner (1.2.0):
    - SDWebImage
  - WMZDialog (1.4.6)
  - WMZDropDownMenu (1.2.0)
  - WMZPageController (1.5.2)
  - WMZTreeView (1.0.5)
  - WZLBadge (1.2.6)
  - XHLaunchAd (3.9.12):
    - FLAnimatedImage (~> 1.0.12)
  - YBHandyList (1.0.5)
  - Yoga (1.14.0)
  - YTKNetwork (3.0.6):
    - AFNetworking/NSURLSession (~> 4.0)
  - YYCache (1.0.4)
  - YYKit (1.0.9):
    - YYKit/no-arc (= 1.0.9)
  - YYKit/no-arc (1.0.9)
  - ZFPlayer (4.0.3):
    - ZFPlayer/Core (= 4.0.3)
  - ZFPlayer/Core (4.0.3)
  - ZLCellDataSource (0.4.1)
  - ZLCollectionViewFlowLayout (1.4.5)
  - ZLPhotoBrowser (3.2.0):
    - SDWebImage
  - ZQSearch (0.1.9):
    - SDWebImage (>= 4.0)

DEPENDENCIES:
  - ACActionSheet
  - AFNetworking
  - "AFNetworking+RetryPolicy"
  - AMapLocation-NO-IDFA
  - BMKLocationKit
  - BMLongPressDragCellCollectionView
  - BRPickerView
  - CalendarLib
  - ChainThen
  - CHTCollectionViewWaterfallLayout
  - CYLTabBarController
  - DCURLRouter
  - dsBridge
  - DZNEmptyDataSet
  - FDFullscreenPopGesture
  - FLAnimatedImage
  - FMLayoutKit
  - FMListPlaceholder
  - FSCalendar
  - FSTextView
  - FWPopupView
  - FWPopupViewOC
  - GKCover
  - GKPageScrollView
  - GKPageSmoothView
  - GKPhotoBrowser
  - HDCollectionView
  - HMSegmentedControl
  - HSSetTableViewController
  - HXPhotoPicker
  - IMYAOPTableView
  - IQKeyboardManager
  - JCore (~> 2.1.4-noidfa)
  - JPush (~> 3.2.6)
  - JQCollectionViewWaterfallLayout
  - JXCategoryView
  - KJBannerView
  - KJCategories
  - KJEmitterView/Classes
  - KJEmitterView/Language
  - KJEmitterView/LeetCode
  - KJNetworkPlugin
  - KJPlayer/RecordTime
  - KJPlayer/SkipTime
  - KJPlayer/TryTime
  - KNPhotoBrowser
  - LBXPermission/Base
  - LBXPermission/Calendar
  - LBXPermission/Camera
  - LBXPermission/Contact
  - LBXPermission/Location
  - LBXPermission/Photo
  - LBXPermission/Reminder
  - LEEAlert
  - LMJDropdownMenu
  - lottie-ios
  - LSTPopView
  - LYEmptyView
  - Masonry
  - MBProgressHUD
  - MGSwipeTableCell
  - MJExtension
  - MJRefresh
  - MyLayout
  - OttoKeyboardView
  - Popover.OC
  - PPGetAddressBook
  - PPNumberButton
  - PPTextField
  - PYSearch
  - QMUIKit
  - ReactiveObjC
  - RKNotificationHub
  - SDAutoLayout
  - SDCycleScrollView
  - SDWebImage
  - SGQRCode
  - SJStaticTableView
  - SSAlert
  - STPopup
  - SwiftyStoreKit
  - ThinkVerb
  - TOSearchBar
  - TTGTagCollectionView
  - TZImagePickerController
  - UICKeyChainStore
  - UITableViewDynamicLayoutCacheHeight
  - UMABTest
  - UMAPM
  - UMCCommonLog
  - UMCommon
  - UMCSecurityPlugins
  - UMDevice
  - UMLink
  - UMPush
  - UMShare/Social/ReducedQQ
  - UMShare/Social/WeChat
  - UMShare/UI
  - WMZBanner
  - WMZDialog
  - WMZDropDownMenu
  - WMZPageController
  - WMZTreeView
  - WZLBadge
  - XHLaunchAd
  - YBHandyList
  - YTKNetwork
  - YYKit
  - ZFPlayer
  - ZLCellDataSource
  - ZLCollectionViewFlowLayout
  - ZLPhotoBrowser
  - ZQSearch

SPEC REPOS:
  https://github.com/CocoaPods/Specs.git:
    - ACActionSheet
    - AFNetworking
    - "AFNetworking+RetryPolicy"
    - AMapFoundation-NO-IDFA
    - AMapLocation-NO-IDFA
    - BMKLocationKit
    - BMLongPressDragCellCollectionView
    - BRPickerView
    - CalendarLib
    - ChainThen
    - CHTCollectionViewWaterfallLayout
    - CYLTabBarController
    - DCURLRouter
    - dsBridge
    - DZNEmptyDataSet
    - FDFullscreenPopGesture
    - FLAnimatedImage
    - FMLayoutKit
    - FMListPlaceholder
    - FSCalendar
    - FSTextView
    - FWPopupView
    - FWPopupViewOC
    - GKCover
    - GKPageScrollView
    - GKPageSmoothView
    - GKPhotoBrowser
    - HDCollectionView
    - HDListViewDiffer
    - HMSegmentedControl
    - HSSetTableViewController
    - HXPhotoPicker
    - IMYAOPTableView
    - IQKeyboardManager
    - JCore
    - JPush
    - JQCollectionViewWaterfallLayout
    - JXCategoryView
    - KJBannerView
    - KJCategories
    - KJEmitterView
    - KJNetworkPlugin
    - KJPlayer
    - KNPhotoBrowser
    - LBXPermission
    - LEEAlert
    - LMJDropdownMenu
    - lottie-ios
    - LSTPopView
    - LSTTimer
    - LYEmptyView
    - Masonry
    - MBProgressHUD
    - MGSwipeTableCell
    - MJExtension
    - MJRefresh
    - MyLayout
    - ObjcAssociatedObjectHelpers
    - OrderedDictionary
    - OSCache
    - OttoKeyboardView
    - Popover.OC
    - PPGetAddressBook
    - PPNumberButton
    - PPTextField
    - PYSearch
    - QMUIKit
    - ReactiveObjC
    - RKNotificationHub
    - SDAutoLayout
    - SDCycleScrollView
    - SDWebImage
    - SGQRCode
    - SJStaticTableView
    - SnapKit
    - SSAlert
    - STPopup
    - SwiftyStoreKit
    - ThinkVerb
    - Toast-Swift
    - TOSearchBar
    - TTGTagCollectionView
    - TZImagePickerController
    - UICKeyChainStore
    - UITableViewDynamicLayoutCacheHeight
    - UMABTest
    - UMAPM
    - UMCCommonLog
    - UMCommon
    - UMCSecurityPlugins
    - UMDevice
    - UMLink
    - UMPush
    - UMShare
    - WMZBanner
    - WMZDialog
    - WMZDropDownMenu
    - WMZPageController
    - WMZTreeView
    - WZLBadge
    - XHLaunchAd
    - YBHandyList
    - Yoga
    - YTKNetwork
    - YYCache
    - YYKit
    - ZFPlayer
    - ZLCellDataSource
    - ZLCollectionViewFlowLayout
    - ZLPhotoBrowser
    - ZQSearch

SPEC CHECKSUMS:
  ACActionSheet: da1ed5ea2add6e36208eb0652e8803286a7100fb
  AFNetworking: 7864c38297c79aaca1500c33288e429c3451fdce
  "AFNetworking+RetryPolicy": d823c39e54178c311931615507a54e401eda5055
  AMapFoundation-NO-IDFA: cc2ec7a2828ef292358ad594b7ee0ae21a7f097b
  AMapLocation-NO-IDFA: 9d7ec9b052405356600b59fe0a9a65261bacc54e
  BMKLocationKit: 3b96beefb31c3b12d53e9156aa4ab19ecd695dec
  BMLongPressDragCellCollectionView: 99f224009d4137999b35b8a810a54edc8b34eb85
  BRPickerView: 2a1620caf218e37a3aca9626732719a419928b15
  CalendarLib: 040a8a655376581d8dc7c3c63196ddcf5223f471
  ChainThen: df7879abd0fe4a12f8fd092c87ccdf4b0f077aa9
  CHTCollectionViewWaterfallLayout: b989a459788d7657ac010e03bc0f7eedca95a420
  CYLTabBarController: db44b5901a28693a8a4279e4721b3aafdd36c178
  DCURLRouter: 6bb8d5c85390f5ce5a9966ad68e0e994a3e89b25
  dsBridge: 48b62ee8a411ad601a88d6f6c8cf6cb634b206b7
  DZNEmptyDataSet: 9525833b9e68ac21c30253e1d3d7076cc828eaa7
  FDFullscreenPopGesture: a8a620179e3d9c40e8e00256dcee1c1a27c6d0f0
  FLAnimatedImage: 8f3e854ebf9680b71f0b6e700939687fc4d82b4b
  FMLayoutKit: 5ae34e3f6d7cbc79c112651ca390b79ac2a73c5b
  FMListPlaceholder: 17b3cb63922850e18ca97dd092a233ea3a80bc5a
  FSCalendar: e6a2eb9c571bf0719ed797ef807e08426753c241
  FSTextView: 9e2ca07bb6bb0fb7e77b49b2717adf81f3c620b5
  FWPopupView: eea10388d25444fbe69b9222a5b5f317bb049395
  FWPopupViewOC: 116094e33ba1f492e60c262a095a9ae6bfd0c715
  GKCover: 6486cf87c0a5cae4bb5c3a09e17925ad8b466412
  GKPageScrollView: 448c8732c7ada438cfe050dbb2b38d447d303c34
  GKPageSmoothView: acd61c5d30664842960ed777cfe9f32cd6b9cf6d
  GKPhotoBrowser: 7665eb0fa21af2b3c2775697434093691abeea73
  HDCollectionView: aa813a050565a1b7da04d2dffd9a303304690ecc
  HDListViewDiffer: f6af38559d7dbc37723b6aed8bdb604c1f78aa8a
  HMSegmentedControl: 34c1f54d822d8308e7b24f5d901ec674dfa31352
  HSSetTableViewController: e1845101c7b16c70d9f72dee63bab6f74bca8660
  HXPhotoPicker: f1274d0c931ad8564e0f23f33fe8b6110b639bd7
  IMYAOPTableView: 54e24cecf7b0388fc3f21669d2e1a2a33d486674
  IQKeyboardManager: 241cc94ccabc9deb8f8bd7d12f00d73288d13ecc
  JCore: a7f1dead960d77a97717c73ea8b0aa5b33706491
  JPush: 8ce888d6dedfa417e90c8b6bc87405a16ce2e699
  JQCollectionViewWaterfallLayout: 4282a4b91ee9dc55a089420acd37f6202b544a8d
  JXCategoryView: 2ef9ecfd3735158d009ce02d1f29811aa822da65
  KJBannerView: 978efff6984868778a2a9cd3258b9dc8717b9e87
  KJCategories: f12ea1348de30968a87ce820f7574daec4e95d22
  KJEmitterView: 3cad2432c614a44afebede40315ebae3311c6db1
  KJNetworkPlugin: ba079e6ea2c3914dae3e4e840d17197b6626104a
  KJPlayer: cea95dd7b391376faf2ff3ead9f7384ff317fa1e
  KNPhotoBrowser: 92dc6b4a7d3f1e8092b90b29641acef205daaed7
  LBXPermission: e7f860ce1280599fc196a8c5dee713cbb81354d4
  LEEAlert: 7b37640c01d8ba582b45c423ca475329c935e1db
  LMJDropdownMenu: 50c74e9d50a480c290fec47eb575826861d0823b
  lottie-ios: c058aeafa76daa4cf64d773554bccc8385d0150e
  LSTPopView: 9379f00f6ce7d1fc620b50ab00ed3ef97b2d4d52
  LSTTimer: caf8f02ff366ca175cf4c1778d26c166183c1b6f
  LYEmptyView: b6d418cfa38b78df0cf243f9a9c25ccbdc399922
  Masonry: 678fab65091a9290e40e2832a55e7ab731aad201
  MBProgressHUD: 3ee5efcc380f6a79a7cc9b363dd669c5e1ae7406
  MGSwipeTableCell: b804e4e450dee439c42250be90bd50458bf67fce
  MJExtension: 01704cca2b60a214c10761b6491eab74069d68a9
  MJRefresh: fdf5e979eb406a0341468932d1dfc8b7f9fce961
  MyLayout: 6ca47dbf27648aa011496094cfe1162217e3c912
  ObjcAssociatedObjectHelpers: 686c291f292c26a49b9b1fa7d58130a8d35d59d2
  OrderedDictionary: 138c8d2e358d3a0c9adda15c6c7db24e8e3b09e6
  OSCache: 826996b68e8542a8a3d8af1ab0a0fc3070d8f357
  OttoKeyboardView: 70f3b3528e681e1e87d099639f1ac4f2296266e7
  Popover.OC: bfcce8307f77593e1e1d7cf58604077f74e114bc
  PPGetAddressBook: e4b6b0a87e852df5d5b90c44ecd9ded7f6f1ccf6
  PPNumberButton: 4442ff64c21d91733057ca1b3dc05fb4df55f2c0
  PPTextField: 34b5e67ba9892575134f6c351f11010503ea465c
  PYSearch: 76dee18eea3309b60921a5d6a69390a63a5dda15
  QMUIKit: 1063a99f90aedd6e2dd65026ce0df46e6785e67b
  ReactiveObjC: 011caa393aa0383245f2dcf9bf02e86b80b36040
  RKNotificationHub: e926748820d719f21ff374657a47fceefa1796b4
  SDAutoLayout: 8bf6b3bbc8b01f775d4defbb4fda2ace805461be
  SDCycleScrollView: a0d74c3384caa72bdfc81470bdbc8c14b3e1fbcf
  SDWebImage: 631cf572cc93dfdfe54162e556410a61f1141928
  SGQRCode: 65d6170ddcf3feecc6e2f3601aac78ad93e56589
  SJStaticTableView: b04329ab8bf5823463468a06650bf00090008fed
  SnapKit: fe8a619752f3f27075cc9a90244d75c6c3f27e2a
  SSAlert: 91db5db62fa8bb26504c3c2368cf33f3798d2796
  STPopup: a9045557bc48a0df51fbb7bf0544447c5fe84d34
  SwiftyStoreKit: 6b9c08810269f030586dac1fae8e75871a82e84a
  ThinkVerb: 942c70b3a7862c88ee858cc32de46ac87129ec32
  Toast-Swift: 9b6a70f28b3bf0b96c40d46c0c4b9d6639846711
  TOSearchBar: ee22b7ade729521b6ace523cea0ce97d23ab3cd9
  TTGTagCollectionView: a2a8668c659b39e7a6ffd6590475ea53a7ae95f7
  TZImagePickerController: fb446ac06ae9c217bc849185646a68465bcd0dd4
  UICKeyChainStore: ba3bff2c762b12db1e516f395c837dd25298b05e
  UITableViewDynamicLayoutCacheHeight: 4fabd95e944317cc7cd7ead3c56915d9527432dd
  UMABTest: e35a7be1f4401640f780d95b403d98794d65c6aa
  UMAPM: 76db9514ceb4c94c44cfa143498860626ca0dda5
  UMCCommonLog: bea707e50c85cef4b0eb47cc5c7226bb843245ca
  UMCommon: c61df8457c275afd4f8a2fca10c7446d66220ac0
  UMCSecurityPlugins: 0831a08f3988f3cea9f1d3a7626cd9bee4fef150
  UMDevice: 053478c4b4d7292f31f0a275c227d3c4007a5571
  UMLink: d5047e2716c2571d120d890af0f7a41d1b5e5224
  UMPush: c420e1cf2d1c96f1257f390bc626314fb7e6d9e6
  UMShare: 84edf6d080f524d109271164ba2b07650f69d691
  WMZBanner: 42d02896dc7a67a4d7a2ebe1ef5b7a79f8d2c540
  WMZDialog: 629b5ceaab043291394952143a6cb08b2c1c500d
  WMZDropDownMenu: dd2c5bb18684f84d30405c9051bf7552dfec1f0a
  WMZPageController: f95d38c707a9f190f97b05382d2e26c2d1de6808
  WMZTreeView: 56e74f10e7f924c0ba4491fd3abc26d8c328b05f
  WZLBadge: 9ec779dcfd94c825518b395e8315fccaabff1bfa
  XHLaunchAd: 6320f9c68732667323072fc3a5f104e40fbe9cfe
  YBHandyList: bf0bf2803bb35569863fe63fd25f4541a4e5fe68
  Yoga: cff67a400f6b74dc38eb0bad4f156673d9aa980c
  YTKNetwork: c16be90b06be003de9e9cd0d3b187cc8eaf35c04
  YYCache: 8105b6638f5e849296c71f331ff83891a4942952
  YYKit: 7cda43304a8dc3696c449041e2cb3107b4e236e7
  ZFPlayer: 624c92de06eb34df322c3b53b4c9ce760f528f7a
  ZLCellDataSource: 7b78bded737174201489a8de478b55a9f2155bf8
  ZLCollectionViewFlowLayout: 134dbc8ccd32e298e742ee8ab0bc949f1fd2396f
  ZLPhotoBrowser: 3748fdbeb2b28961c2495d15131dbf413082e1b9
  ZQSearch: de5e8f91ee215d891bb8345ecae9094d04fef73a

PODFILE CHECKSUM: 7ba1fdf2f645f327d23f255d81202e5d77094910

COCOAPODS: 1.11.2
